
Microsoft Visual Studio Solution File, Format Version 12.00
# Visual Studio Version 16
VisualStudioVersion = 16.0.31105.61
MinimumVisualStudioVersion = 10.0.40219.1
Project("{FAE04EC0-301F-11D3-BF4B-00C04F79EFBC}") = "Test", "Test\Test.csproj", "{8E2E5082-AC37-4469-8FD4-28A71E58EBFF}"
EndProject
Global
	GlobalSection(SolutionConfigurationPlatforms) = preSolution
		Debug|Any CPU = Debug|Any CPU
		Release|Any CPU = Release|Any CPU
	EndGlobalSection
	GlobalSection(ProjectConfigurationPlatforms) = postSolution
		{8E2E5082-AC37-4469-8FD4-28A71E58EBFF}.Debug|Any CPU.ActiveCfg = Debug|Any CPU
		{8E2E5082-AC37-4469-8FD4-28A71E58EBFF}.Debug|Any CPU.Build.0 = Debug|Any CPU
		{8E2E5082-AC37-4469-8FD4-28A71E58EBFF}.Release|Any CPU.ActiveCfg = Release|Any CPU
		{8E2E5082-AC37-4469-8FD4-28A71E58EBFF}.Release|Any CPU.Build.0 = Release|Any CPU
	EndGlobalSection
	GlobalSection(SolutionProperties) = preSolution
		HideSolutionNode = FALSE
	EndGlobalSection
	GlobalSection(ExtensibilityGlobals) = postSolution
		SolutionGuid = {7966B26F-B47B-40A0-BAD5-3CB6D2FD10C7}
	EndGlobalSection
EndGlobal
